
Microsoft Visual Studio Solution File, Format Version 12.00
# Visual Studio Version 17
VisualStudioVersion = 17.5.002.0
MinimumVisualStudioVersion = 10.0.40219.1
Project("{9A19103F-16F7-4668-BE54-9A1E7A4F7556}") = "TMT-mantencion", "TMT-mantencion.csproj", "{8E11BF52-226C-4440-A39C-149457C32A8A}"
EndProject
Global
	GlobalSection(SolutionConfigurationPlatforms) = preSolution
		Debug|Any CPU = Debug|Any CPU
		Release|Any CPU = Release|Any CPU
	EndGlobalSection
	GlobalSection(ProjectConfigurationPlatforms) = postSolution
		{8E11BF52-226C-4440-A39C-149457C32A8A}.Debug|Any CPU.ActiveCfg = Debug|Any CPU
		{8E11BF52-226C-4440-A39C-149457C32A8A}.Debug|Any CPU.Build.0 = Debug|Any CPU
		{8E11BF52-226C-4440-A39C-149457C32A8A}.Release|Any CPU.ActiveCfg = Release|Any CPU
		{8E11BF52-226C-4440-A39C-149457C32A8A}.Release|Any CPU.Build.0 = Release|Any CPU
	EndGlobalSection
	GlobalSection(SolutionProperties) = preSolution
		HideSolutionNode = FALSE
	EndGlobalSection
	GlobalSection(ExtensibilityGlobals) = postSolution
		SolutionGuid = {A8B6D535-A77C-4225-9346-3F9E418DD2FA}
	EndGlobalSection
EndGlobal
